
Microsoft Visual Studio Solution File, Format Version 12.00
# Visual Studio 2013
VisualStudioVersion = 12.0.31101.0
MinimumVisualStudioVersion = 10.0.40219.1
Project("{FAE04EC0-301F-11D3-BF4B-00C04F79EFBC}") = "HypoDates", "HypoDates.csproj", "{5CACEB8C-DFCB-4255-84ED-B0E1768FDCA2}"
EndProject
Project("{FAE04EC0-301F-11D3-BF4B-00C04F79EFBC}") = "HypoDates.Test", "Tests\HypoDates.Test\HypoDates.Test.csproj", "{C6F28B54-D02C-47C2-8736-446A4DE3006A}"
EndProject
Global
	GlobalSection(SolutionConfigurationPlatforms) = preSolution
		Debug|Any CPU = Debug|Any CPU
		Release|Any CPU = Release|Any CPU
	EndGlobalSection
	GlobalSection(ProjectConfigurationPlatforms) = postSolution
		{5CACEB8C-DFCB-4255-84ED-B0E1768FDCA2}.Debug|Any CPU.ActiveCfg = Debug|Any CPU
		{5CACEB8C-DFCB-4255-84ED-B0E1768FDCA2}.Debug|Any CPU.Build.0 = Debug|Any CPU
		{5CACEB8C-DFCB-4255-84ED-B0E1768FDCA2}.Release|Any CPU.ActiveCfg = Release|Any CPU
		{5CACEB8C-DFCB-4255-84ED-B0E1768FDCA2}.Release|Any CPU.Build.0 = Release|Any CPU
		{C6F28B54-D02C-47C2-8736-446A4DE3006A}.Debug|Any CPU.ActiveCfg = Debug|Any CPU
		{C6F28B54-D02C-47C2-8736-446A4DE3006A}.Debug|Any CPU.Build.0 = Debug|Any CPU
		{C6F28B54-D02C-47C2-8736-446A4DE3006A}.Release|Any CPU.ActiveCfg = Release|Any CPU
		{C6F28B54-D02C-47C2-8736-446A4DE3006A}.Release|Any CPU.Build.0 = Release|Any CPU
	EndGlobalSection
	GlobalSection(SolutionProperties) = preSolution
		HideSolutionNode = FALSE
	EndGlobalSection
EndGlobal
